// !$*UTF8*$!
{
	archiveVersion = 1;
	classes = {
	};
	objectVersion = 56;
	objects = {

/* Begin PBXBuildFile section */
		7B35D90429D29169005F8ED8 /* StayAwakeApp.swift in Sources */ = {isa = PBXBuildFile; fileRef = 7B35D90329D29169005F8ED8 /* StayAwakeApp.swift */; };
		7B35D90629D29169005F8ED8 /* ContentView.swift in Sources */ = {isa = PBXBuildFile; fileRef = 7B35D90529D29169005F8ED8 /* ContentView.swift */; };
		7B35D90829D2916C005F8ED8 /* Assets.xcassets in Resources */ = {isa = PBXBuildFile; fileRef = 7B35D90729D2916C005F8ED8 /* Assets.xcassets */; };
		7B35D90B29D2916C005F8ED8 /* Preview Assets.xcassets in Resources */ = {isa = PBXBuildFile; fileRef = 7B35D90A29D2916C005F8ED8 /* Preview Assets.xcassets */; };
		7B35D91629D2916C005F8ED8 /* StayAwakeTests.swift in Sources */ = {isa = PBXBuildFile; fileRef = 7B35D91529D2916C005F8ED8 /* StayAwakeTests.swift */; };
		7B35D92029D2916C005F8ED8 /* StayAwakeUITests.swift in Sources */ = {isa = PBXBuildFile; fileRef = 7B35D91F29D2916C005F8ED8 /* StayAwakeUITests.swift */; };
		7B35D92229D2916C005F8ED8 /* StayAwakeUITestsLaunchTests.swift in Sources */ = {isa = PBXBuildFile; fileRef = 7B35D92129D2916C005F8ED8 /* StayAwakeUITestsLaunchTests.swift */; };
/* End PBXBuildFile section */

/* Begin PBXContainerItemProxy section */
		7B35D91229D2916C005F8ED8 /* PBXContainerItemProxy */ = {
			isa = PBXContainerItemProxy;
			containerPortal = 7B35D8F829D29169005F8ED8 /* Project object */;
			proxyType = 1;
			remoteGlobalIDString = 7B35D8FF29D29169005F8ED8;
			remoteInfo = StayAwake;
		};
		7B35D91C29D2916C005F8ED8 /* PBXContainerItemProxy */ = {
			isa = PBXContainerItemProxy;
			containerPortal = 7B35D8F829D29169005F8ED8 /* Project object */;
			proxyType = 1;
			remoteGlobalIDString = 7B35D8FF29D29169005F8ED8;
			remoteInfo = StayAwake;
		};
/* End PBXContainerItemProxy section */

/* Begin PBXFileReference section */
		7B1EDE3329D64C4800CEDC5E /* README.md */ = {isa = PBXFileReference; lastKnownFileType = net.daringfireball.markdown; path = README.md; sourceTree = "<group>"; };
		7B1EDE3429DC8EC300CEDC5E /* LICENSE.txt */ = {isa = PBXFileReference; lastKnownFileType = text; path = LICENSE.txt; sourceTree = "<group>"; };
		7B35D90029D29169005F8ED8 /* StayAwake.app */ = {isa = PBXFileReference; explicitFileType = wrapper.application; includeInIndex = 0; path = StayAwake.app; sourceTree = BUILT_PRODUCTS_DIR; };
		7B35D90329D29169005F8ED8 /* StayAwakeApp.swift */ = {isa = PBXFileReference; lastKnownFileType = sourcecode.swift; path = StayAwakeApp.swift; sourceTree = "<group>"; };
		7B35D90529D29169005F8ED8 /* ContentView.swift */ = {isa = PBXFileReference; lastKnownFileType = sourcecode.swift; path = ContentView.swift; sourceTree = "<group>"; };
		7B35D90729D2916C005F8ED8 /* Assets.xcassets */ = {isa = PBXFileReference; lastKnownFileType = folder.assetcatalog; path = Assets.xcassets; sourceTree = "<group>"; };
		7B35D90A29D2916C005F8ED8 /* Preview Assets.xcassets */ = {isa = PBXFileReference; lastKnownFileType = folder.assetcatalog; path = "Preview Assets.xcassets"; sourceTree = "<group>"; };
		7B35D90C29D2916C005F8ED8 /* StayAwake.entitlements */ = {isa = PBXFileReference; lastKnownFileType = text.plist.entitlements; path = StayAwake.entitlements; sourceTree = "<group>"; };
		7B35D91129D2916C005F8ED8 /* StayAwakeTests.xctest */ = {isa = PBXFileReference; explicitFileType = wrapper.cfbundle; includeInIndex = 0; path = StayAwakeTests.xctest; sourceTree = BUILT_PRODUCTS_DIR; };
		7B35D91529D2916C005F8ED8 /* StayAwakeTests.swift */ = {isa = PBXFileReference; lastKnownFileType = sourcecode.swift; path = StayAwakeTests.swift; sourceTree = "<group>"; };
		7B35D91B29D2916C005F8ED8 /* StayAwakeUITests.xctest */ = {isa = PBXFileReference; explicitFileType = wrapper.cfbundle; includeInIndex = 0; path = StayAwakeUITests.xctest; sourceTree = BUILT_PRODUCTS_DIR; };
		7B35D91F29D2916C005F8ED8 /* StayAwakeUITests.swift */ = {isa = PBXFileReference; lastKnownFileType = sourcecode.swift; path = StayAwakeUITests.swift; sourceTree = "<group>"; };
		7B35D92129D2916C005F8ED8 /* StayAwakeUITestsLaunchTests.swift */ = {isa = PBXFileReference; lastKnownFileType = sourcecode.swift; path = StayAwakeUITestsLaunchTests.swift; sourceTree = "<group>"; };
/* End PBXFileReference section */

/* Begin PBXFrameworksBuildPhase section */
		7B35D8FD29D29169005F8ED8 /* Frameworks */ = {
			isa = PBXFrameworksBuildPhase;
			buildActionMask = 2147483647;
			files = (
			);
			runOnlyForDeploymentPostprocessing = 0;
		};
		7B35D90E29D2916C005F8ED8 /* Frameworks */ = {
			isa = PBXFrameworksBuildPhase;
			buildActionMask = 2147483647;
			files = (
			);
			runOnlyForDeploymentPostprocessing = 0;
		};
		7B35D91829D2916C005F8ED8 /* Frameworks */ = {
			isa = PBXFrameworksBuildPhase;
			buildActionMask = 2147483647;
			files = (
			);
			runOnlyForDeploymentPostprocessing = 0;
		};
/* End PBXFrameworksBuildPhase section */

/* Begin PBXGroup section */
		7B35D8F729D29169005F8ED8 = {
			isa = PBXGroup;
			children = (
				7B1EDE3429DC8EC300CEDC5E /* LICENSE.txt */,
				7B1EDE3329D64C4800CEDC5E /* README.md */,
				7B35D90229D29169005F8ED8 /* StayAwake */,
				7B35D91429D2916C005F8ED8 /* StayAwakeTests */,
				7B35D91E29D2916C005F8ED8 /* StayAwakeUITests */,
				7B35D90129D29169005F8ED8 /* Products */,
			);
			sourceTree = "<group>";
		};
		7B35D90129D29169005F8ED8 /* Products */ = {
			isa = PBXGroup;
			children = (
				7B35D90029D29169005F8ED8 /* StayAwake.app */,
				7B35D91129D2916C005F8ED8 /* StayAwakeTests.xctest */,
				7B35D91B29D2916C005F8ED8 /* StayAwakeUITests.xctest */,
			);
			name = Products;
			sourceTree = "<group>";
		};
		7B35D90229D29169005F8ED8 /* StayAwake */ = {
			isa = PBXGroup;
			children = (
				7B35D90329D29169005F8ED8 /* StayAwakeApp.swift */,
				7B35D90529D29169005F8ED8 /* ContentView.swift */,
				7B35D90729D2916C005F8ED8 /* Assets.xcassets */,
				7B35D90C29D2916C005F8ED8 /* StayAwake.entitlements */,
				7B35D90929D2916C005F8ED8 /* Preview Content */,
			);
			path = StayAwake;
			sourceTree = "<group>";
		};
		7B35D90929D2916C005F8ED8 /* Preview Content */ = {
			isa = PBXGroup;
			children = (
				7B35D90A29D2916C005F8ED8 /* Preview Assets.xcassets */,
			);
			path = "Preview Content";
			sourceTree = "<group>";
		};
		7B35D91429D2916C005F8ED8 /* StayAwakeTests */ = {
			isa = PBXGroup;
			children = (
				7B35D91529D2916C005F8ED8 /* StayAwakeTests.swift */,
			);
			path = StayAwakeTests;
			sourceTree = "<group>";
		};
		7B35D91E29D2916C005F8ED8 /* StayAwakeUITests */ = {
			isa = PBXGroup;
			children = (
				7B35D91F29D2916C005F8ED8 /* StayAwakeUITests.swift */,
				7B35D92129D2916C005F8ED8 /* StayAwakeUITestsLaunchTests.swift */,
			);
			path = StayAwakeUITests;
			sourceTree = "<group>";
		};
/* End PBXGroup section */

/* Begin PBXNativeTarget section */
		7B35D8FF29D29169005F8ED8 /* StayAwake */ = {
			isa = PBXNativeTarget;
			buildConfigurationList = 7B35D92529D2916C005F8ED8 /* Build configuration list for PBXNativeTarget "StayAwake" */;
			buildPhases = (
				7B35D8FC29D29169005F8ED8 /* Sources */,
				7B35D8FD29D29169005F8ED8 /* Frameworks */,
				7B35D8FE29D29169005F8ED8 /* Resources */,
			);
			buildRules = (
			);
			dependencies = (
			);
			name = StayAwake;
			productName = StayAwake;
			productReference = 7B35D90029D29169005F8ED8 /* StayAwake.app */;
			productType = "com.apple.product-type.application";
		};
		7B35D91029D2916C005F8ED8 /* StayAwakeTests */ = {
			isa = PBXNativeTarget;
			buildConfigurationList = 7B35D92829D2916C005F8ED8 /* Build configuration list for PBXNativeTarget "StayAwakeTests" */;
			buildPhases = (
				7B35D90D29D2916C005F8ED8 /* Sources */,
				7B35D90E29D2916C005F8ED8 /* Frameworks */,
				7B35D90F29D2916C005F8ED8 /* Resources */,
			);
			buildRules = (
			);
			dependencies = (
				7B35D91329D2916C005F8ED8 /* PBXTargetDependency */,
			);
			name = StayAwakeTests;
			productName = StayAwakeTests;
			productReference = 7B35D91129D2916C005F8ED8 /* StayAwakeTests.xctest */;
			productType = "com.apple.product-type.bundle.unit-test";
		};
		7B35D91A29D2916C005F8ED8 /* StayAwakeUITests */ = {
			isa = PBXNativeTarget;
			buildConfigurationList = 7B35D92B29D2916C005F8ED8 /* Build configuration list for PBXNativeTarget "StayAwakeUITests" */;
			buildPhases = (
				7B35D91729D2916C005F8ED8 /* Sources */,
				7B35D91829D2916C005F8ED8 /* Frameworks */,
				7B35D91929D2916C005F8ED8 /* Resources */,
			);
			buildRules = (
			);
			dependencies = (
				7B35D91D29D2916C005F8ED8 /* PBXTargetDependency */,
			);
			name = StayAwakeUITests;
			productName = StayAwakeUITests;
			productReference = 7B35D91B29D2916C005F8ED8 /* StayAwakeUITests.xctest */;
			productType = "com.apple.product-type.bundle.ui-testing";
		};
/* End PBXNativeTarget section */

/* Begin PBXProject section */
		7B35D8F829D29169005F8ED8 /* Project object */ = {
			isa = PBXProject;
			attributes = {
				BuildIndependentTargetsInParallel = 1;
				LastSwiftUpdateCheck = 1420;
				LastUpgradeCheck = 1420;
				TargetAttributes = {
					7B35D8FF29D29169005F8ED8 = {
						CreatedOnToolsVersion = 14.2;
					};
					7B35D91029D2916C005F8ED8 = {
						CreatedOnToolsVersion = 14.2;
						TestTargetID = 7B35D8FF29D29169005F8ED8;
					};
					7B35D91A29D2916C005F8ED8 = {
						CreatedOnToolsVersion = 14.2;
						TestTargetID = 7B35D8FF29D29169005F8ED8;
					};
				};
			};
			buildConfigurationList = 7B35D8FB29D29169005F8ED8 /* Build configuration list for PBXProject "StayAwake" */;
			compatibilityVersion = "Xcode 14.0";
			developmentRegion = en;
			hasScannedForEncodings = 0;
			knownRegions = (
				en,
				Base,
			);
			mainGroup = 7B35D8F729D29169005F8ED8;
			productRefGroup = 7B35D90129D29169005F8ED8 /* Products */;
			projectDirPath = "";
			projectRoot = "";
			targets = (
				7B35D8FF29D29169005F8ED8 /* StayAwake */,
				7B35D91029D2916C005F8ED8 /* StayAwakeTests */,
				7B35D91A29D2916C005F8ED8 /* StayAwakeUITests */,
			);
		};
/* End PBXProject section */

/* Begin PBXResourcesBuildPhase section */
		7B35D8FE29D29169005F8ED8 /* Resources */ = {
			isa = PBXResourcesBuildPhase;
			buildActionMask = 2147483647;
			files = (
				7B35D90B29D2916C005F8ED8 /* Preview Assets.xcassets in Resources */,
				7B35D90829D2916C005F8ED8 /* Assets.xcassets in Resources */,
			);
			runOnlyForDeploymentPostprocessing = 0;
		};
		7B35D90F29D2916C005F8ED8 /* Resources */ = {
			isa = PBXResourcesBuildPhase;
			buildActionMask = 2147483647;
			files = (
			);
			runOnlyForDeploymentPostprocessing = 0;
		};
		7B35D91929D2916C005F8ED8 /* Resources */ = {
			isa = PBXResourcesBuildPhase;
			buildActionMask = 2147483647;
			files = (
			);
			runOnlyForDeploymentPostprocessing = 0;
		};
/* End PBXResourcesBuildPhase section */

/* Begin PBXSourcesBuildPhase section */
		7B35D8FC29D29169005F8ED8 /* Sources */ = {
			isa = PBXSourcesBuildPhase;
			buildActionMask = 2147483647;
			files = (
				7B35D90629D29169005F8ED8 /* ContentView.swift in Sources */,
				7B35D90429D29169005F8ED8 /* StayAwakeApp.swift in Sources */,
			);
			runOnlyForDeploymentPostprocessing = 0;
		};
		7B35D90D29D2916C005F8ED8 /* Sources */ = {
			isa = PBXSourcesBuildPhase;
			buildActionMask = 2147483647;
			files = (
				7B35D91629D2916C005F8ED8 /* StayAwakeTests.swift in Sources */,
			);
			runOnlyForDeploymentPostprocessing = 0;
		};
		7B35D91729D2916C005F8ED8 /* Sources */ = {
			isa = PBXSourcesBuildPhase;
			buildActionMask = 2147483647;
			files = (
				7B35D92029D2916C005F8ED8 /* StayAwakeUITests.swift in Sources */,
				7B35D92229D2916C005F8ED8 /* StayAwakeUITestsLaunchTests.swift in Sources */,
			);
			runOnlyForDeploymentPostprocessing = 0;
		};
/* End PBXSourcesBuildPhase section */

/* Begin PBXTargetDependency section */
		7B35D91329D2916C005F8ED8 /* PBXTargetDependency */ = {
			isa = PBXTargetDependency;
			target = 7B35D8FF29D29169005F8ED8 /* StayAwake */;
			targetProxy = 7B35D91229D2916C005F8ED8 /* PBXContainerItemProxy */;
		};
		7B35D91D29D2916C005F8ED8 /* PBXTargetDependency */ = {
			isa = PBXTargetDependency;
			target = 7B35D8FF29D29169005F8ED8 /* StayAwake */;
			targetProxy = 7B35D91C29D2916C005F8ED8 /* PBXContainerItemProxy */;
		};
/* End PBXTargetDependency section */

/* Begin XCBuildConfiguration section */
		7B35D92329D2916C005F8ED8 /* Debug */ = {
			isa = XCBuildConfiguration;
			buildSettings = {
				ALWAYS_SEARCH_USER_PATHS = NO;
				CLANG_ANALYZER_NONNULL = YES;
				CLANG_ANALYZER_NUMBER_OBJECT_CONVERSION = YES_AGGRESSIVE;
				CLANG_CXX_LANGUAGE_STANDARD = "gnu++20";
				CLANG_ENABLE_MODULES = YES;
				CLANG_ENABLE_OBJC_ARC = YES;
				CLANG_ENABLE_OBJC_WEAK = YES;
				CLANG_WARN_BLOCK_CAPTURE_AUTORELEASING = YES;
				CLANG_WARN_BOOL_CONVERSION = YES;
				CLANG_WARN_COMMA = YES;
				CLANG_WARN_CONSTANT_CONVERSION = YES;
				CLANG_WARN_DEPRECATED_OBJC_IMPLEMENTATIONS = YES;
				CLANG_WARN_DIRECT_OBJC_ISA_USAGE = YES_ERROR;
				CLANG_WARN_DOCUMENTATION_COMMENTS = YES;
				CLANG_WARN_EMPTY_BODY = YES;
				CLANG_WARN_ENUM_CONVERSION = YES;
				CLANG_WARN_INFINITE_RECURSION = YES;
				CLANG_WARN_INT_CONVERSION = YES;
				CLANG_WARN_NON_LITERAL_NULL_CONVERSION = YES;
				CLANG_WARN_OBJC_IMPLICIT_RETAIN_SELF = YES;
				CLANG_WARN_OBJC_LITERAL_CONVERSION = YES;
				CLANG_WARN_OBJC_ROOT_CLASS = YES_ERROR;
				CLANG_WARN_QUOTED_INCLUDE_IN_FRAMEWORK_HEADER = YES;
				CLANG_WARN_RANGE_LOOP_ANALYSIS = YES;
				CLANG_WARN_STRICT_PROTOTYPES = YES;
				CLANG_WARN_SUSPICIOUS_MOVE = YES;
				CLANG_WARN_UNGUARDED_AVAILABILITY = YES_AGGRESSIVE;
				CLANG_WARN_UNREACHABLE_CODE = YES;
				CLANG_WARN__DUPLICATE_METHOD_MATCH = YES;
				COPY_PHASE_STRIP = NO;
				DEBUG_INFORMATION_FORMAT = dwarf;
				ENABLE_STRICT_OBJC_MSGSEND = YES;
				ENABLE_TESTABILITY = YES;
				GCC_C_LANGUAGE_STANDARD = gnu11;
				GCC_DYNAMIC_NO_PIC = NO;
				GCC_NO_COMMON_BLOCKS = YES;
				GCC_OPTIMIZATION_LEVEL = 0;
				GCC_PREPROCESSOR_DEFINITIONS = (
					"DEBUG=1",
					"$(inherited)",
				);
				GCC_WARN_64_TO_32_BIT_CONVERSION = YES;
				GCC_WARN_ABOUT_RETURN_TYPE = YES_ERROR;
				GCC_WARN_UNDECLARED_SELECTOR = YES;
				GCC_WARN_UNINITIALIZED_AUTOS = YES_AGGRESSIVE;
				GCC_WARN_UNUSED_FUNCTION = YES;
				GCC_WARN_UNUSED_VARIABLE = YES;
				MACOSX_DEPLOYMENT_TARGET = 13.1;
				MTL_ENABLE_DEBUG_INFO = INCLUDE_SOURCE;
				MTL_FAST_MATH = YES;
				ONLY_ACTIVE_ARCH = YES;
				SDKROOT = macosx;
				SWIFT_ACTIVE_COMPILATION_CONDITIONS = DEBUG;
				SWIFT_OPTIMIZATION_LEVEL = "-Onone";
			};
			name = Debug;
		};
		7B35D92429D2916C005F8ED8 /* Release */ = {
			isa = XCBuildConfiguration;
			buildSettings = {
				ALWAYS_SEARCH_USER_PATHS = NO;
				CLANG_ANALYZER_NONNULL = YES;
				CLANG_ANALYZER_NUMBER_OBJECT_CONVERSION = YES_AGGRESSIVE;
				CLANG_CXX_LANGUAGE_STANDARD = "gnu++20";
				CLANG_ENABLE_MODULES = YES;
				CLANG_ENABLE_OBJC_ARC = YES;
				CLANG_ENABLE_OBJC_WEAK = YES;
				CLANG_WARN_BLOCK_CAPTURE_AUTORELEASING = YES;
				CLANG_WARN_BOOL_CONVERSION = YES;
				CLANG_WARN_COMMA = YES;
				CLANG_WARN_CONSTANT_CONVERSION = YES;
				CLANG_WARN_DEPRECATED_OBJC_IMPLEMENTATIONS = YES;
				CLANG_WARN_DIRECT_OBJC_ISA_USAGE = YES_ERROR;
				CLANG_WARN_DOCUMENTATION_COMMENTS = YES;
				CLANG_WARN_EMPTY_BODY = YES;
				CLANG_WARN_ENUM_CONVERSION = YES;
				CLANG_WARN_INFINITE_RECURSION = YES;
				CLANG_WARN_INT_CONVERSION = YES;
				CLANG_WARN_NON_LITERAL_NULL_CONVERSION = YES;
				CLANG_WARN_OBJC_IMPLICIT_RETAIN_SELF = YES;
				CLANG_WARN_OBJC_LITERAL_CONVERSION = YES;
				CLANG_WARN_OBJC_ROOT_CLASS = YES_ERROR;
				CLANG_WARN_QUOTED_INCLUDE_IN_FRAMEWORK_HEADER = YES;
				CLANG_WARN_RANGE_LOOP_ANALYSIS = YES;
				CLANG_WARN_STRICT_PROTOTYPES = YES;
				CLANG_WARN_SUSPICIOUS_MOVE = YES;
				CLANG_WARN_UNGUARDED_AVAILABILITY = YES_AGGRESSIVE;
				CLANG_WARN_UNREACHABLE_CODE = YES;
				CLANG_WARN__DUPLICATE_METHOD_MATCH = YES;
				COPY_PHASE_STRIP = NO;
				DEBUG_INFORMATION_FORMAT = "dwarf-with-dsym";
				ENABLE_NS_ASSERTIONS = NO;
				ENABLE_STRICT_OBJC_MSGSEND = YES;
				GCC_C_LANGUAGE_STANDARD = gnu11;
				GCC_NO_COMMON_BLOCKS = YES;
				GCC_WARN_64_TO_32_BIT_CONVERSION = YES;
				GCC_WARN_ABOUT_RETURN_TYPE = YES_ERROR;
				GCC_WARN_UNDECLARED_SELECTOR = YES;
				GCC_WARN_UNINITIALIZED_AUTOS = YES_AGGRESSIVE;
				GCC_WARN_UNUSED_FUNCTION = YES;
				GCC_WARN_UNUSED_VARIABLE = YES;
				MACOSX_DEPLOYMENT_TARGET = 13.1;
				MTL_ENABLE_DEBUG_INFO = NO;
				MTL_FAST_MATH = YES;
				SDKROOT = macosx;
				SWIFT_COMPILATION_MODE = wholemodule;
				SWIFT_OPTIMIZATION_LEVEL = "-O";
			};
			name = Release;
		};
		7B35D92629D2916C005F8ED8 /* Debug */ = {
			isa = XCBuildConfiguration;
			buildSettings = {
				ASSETCATALOG_COMPILER_APPICON_NAME = AppIcon;
				ASSETCATALOG_COMPILER_GLOBAL_ACCENT_COLOR_NAME = AccentColor;
				CODE_SIGN_ENTITLEMENTS = StayAwake/StayAwake.entitlements;
				CODE_SIGN_STYLE = Automatic;
				COMBINE_HIDPI_IMAGES = YES;
				CURRENT_PROJECT_VERSION = 1;
				DEVELOPMENT_ASSET_PATHS = "\"StayAwake/Preview Content\"";
				ENABLE_PREVIEWS = YES;
				GENERATE_INFOPLIST_FILE = YES;
				INFOPLIST_KEY_NSHumanReadableCopyright = "";
				LD_RUNPATH_SEARCH_PATHS = (
					"$(inherited)",
					"@executable_path/../Frameworks",
				);
				MARKETING_VERSION = 1.0;
				PRODUCT_BUNDLE_IDENTIFIER = com.bungosoft.StayAwake;
				PRODUCT_NAME = "$(TARGET_NAME)";
				SWIFT_EMIT_LOC_STRINGS = YES;
				SWIFT_VERSION = 5.0;
			};
			name = Debug;
		};
		7B35D92729D2916C005F8ED8 /* Release */ = {
			isa = XCBuildConfiguration;
			buildSettings = {
				ASSETCATALOG_COMPILER_APPICON_NAME = AppIcon;
				ASSETCATALOG_COMPILER_GLOBAL_ACCENT_COLOR_NAME = AccentColor;
				CODE_SIGN_ENTITLEMENTS = StayAwake/StayAwake.entitlements;
				CODE_SIGN_STYLE = Automatic;
				COMBINE_HIDPI_IMAGES = YES;
				CURRENT_PROJECT_VERSION = 1;
				DEVELOPMENT_ASSET_PATHS = "\"StayAwake/Preview Content\"";
				ENABLE_PREVIEWS = YES;
				GENERATE_INFOPLIST_FILE = YES;
				INFOPLIST_KEY_NSHumanReadableCopyright = "";
				LD_RUNPATH_SEARCH_PATHS = (
					"$(inherited)",
					"@executable_path/../Frameworks",
				);
				MARKETING_VERSION = 1.0;
				PRODUCT_BUNDLE_IDENTIFIER = com.bungosoft.StayAwake;
				PRODUCT_NAME = "$(TARGET_NAME)";
				SWIFT_EMIT_LOC_STRINGS = YES;
				SWIFT_VERSION = 5.0;
			};
			name = Release;
		};
		7B35D92929D2916C005F8ED8 /* Debug */ = {
			isa = XCBuildConfiguration;
			buildSettings = {
				ALWAYS_EMBED_SWIFT_STANDARD_LIBRARIES = YES;
				BUNDLE_LOADER = "$(TEST_HOST)";
				CODE_SIGN_STYLE = Automatic;
				CURRENT_PROJECT_VERSION = 1;
				GENERATE_INFOPLIST_FILE = YES;
				MACOSX_DEPLOYMENT_TARGET = 13.1;
				MARKETING_VERSION = 1.0;
				PRODUCT_BUNDLE_IDENTIFIER = com.bungosoft.StayAwakeTests;
				PRODUCT_NAME = "$(TARGET_NAME)";
				SWIFT_EMIT_LOC_STRINGS = NO;
				SWIFT_VERSION = 5.0;
				TEST_HOST = "$(BUILT_PRODUCTS_DIR)/StayAwake.app/$(BUNDLE_EXECUTABLE_FOLDER_PATH)/StayAwake";
			};
			name = Debug;
		};
		7B35D92A29D2916C005F8ED8 /* Release */ = {
			isa = XCBuildConfiguration;
			buildSettings = {
				ALWAYS_EMBED_SWIFT_STANDARD_LIBRARIES = YES;
				BUNDLE_LOADER = "$(TEST_HOST)";
				CODE_SIGN_STYLE = Automatic;
				CURRENT_PROJECT_VERSION = 1;
				GENERATE_INFOPLIST_FILE = YES;
				MACOSX_DEPLOYMENT_TARGET = 13.1;
				MARKETING_VERSION = 1.0;
				PRODUCT_BUNDLE_IDENTIFIER = com.bungosoft.StayAwakeTests;
				PRODUCT_NAME = "$(TARGET_NAME)";
				SWIFT_EMIT_LOC_STRINGS = NO;
				SWIFT_VERSION = 5.0;
				TEST_HOST = "$(BUILT_PRODUCTS_DIR)/StayAwake.app/$(BUNDLE_EXECUTABLE_FOLDER_PATH)/StayAwake";
			};
			name = Release;
		};
		7B35D92C29D2916C005F8ED8 /* Debug */ = {
			isa = XCBuildConfiguration;
			buildSettings = {
				ALWAYS_EMBED_SWIFT_STANDARD_LIBRARIES = YES;
				CODE_SIGN_STYLE = Automatic;
				CURRENT_PROJECT_VERSION = 1;
				GENERATE_INFOPLIST_FILE = YES;
				MARKETING_VERSION = 1.0;
				PRODUCT_BUNDLE_IDENTIFIER = com.bungosoft.StayAwakeUITests;
				PRODUCT_NAME = "$(TARGET_NAME)";
				SWIFT_EMIT_LOC_STRINGS = NO;
				SWIFT_VERSION = 5.0;
				TEST_TARGET_NAME = StayAwake;
			};
			name = Debug;
		};
		7B35D92D29D2916C005F8ED8 /* Release */ = {
			isa = XCBuildConfiguration;
			buildSettings = {
				ALWAYS_EMBED_SWIFT_STANDARD_LIBRARIES = YES;
				CODE_SIGN_STYLE = Automatic;
				CURRENT_PROJECT_VERSION = 1;
				GENERATE_INFOPLIST_FILE = YES;
				MARKETING_VERSION = 1.0;
				PRODUCT_BUNDLE_IDENTIFIER = com.bungosoft.StayAwakeUITests;
				PRODUCT_NAME = "$(TARGET_NAME)";
				SWIFT_EMIT_LOC_STRINGS = NO;
				SWIFT_VERSION = 5.0;
				TEST_TARGET_NAME = StayAwake;
			};
			name = Release;
		};
/* End XCBuildConfiguration section */

/* Begin XCConfigurationList section */
		7B35D8FB29D29169005F8ED8 /* Build configuration list for PBXProject "StayAwake" */ = {
			isa = XCConfigurationList;
			buildConfigurations = (
				7B35D92329D2916C005F8ED8 /* Debug */,
				7B35D92429D2916C005F8ED8 /* Release */,
			);
			defaultConfigurationIsVisible = 0;
			defaultConfigurationName = Release;
		};
		7B35D92529D2916C005F8ED8 /* Build configuration list for PBXNativeTarget "StayAwake" */ = {
			isa = XCConfigurationList;
			buildConfigurations = (
				7B35D92629D2916C005F8ED8 /* Debug */,
				7B35D92729D2916C005F8ED8 /* Release */,
			);
			defaultConfigurationIsVisible = 0;
			defaultConfigurationName = Release;
		};
		7B35D92829D2916C005F8ED8 /* Build configuration list for PBXNativeTarget "StayAwakeTests" */ = {
			isa = XCConfigurationList;
			buildConfigurations = (
				7B35D92929D2916C005F8ED8 /* Debug */,
				7B35D92A29D2916C005F8ED8 /* Release */,
			);
			defaultConfigurationIsVisible = 0;
			defaultConfigurationName = Release;
		};
		7B35D92B29D2916C005F8ED8 /* Build configuration list for PBXNativeTarget "StayAwakeUITests" */ = {
			isa = XCConfigurationList;
			buildConfigurations = (
				7B35D92C29D2916C005F8ED8 /* Debug */,
				7B35D92D29D2916C005F8ED8 /* Release */,
			);
			defaultConfigurationIsVisible = 0;
			defaultConfigurationName = Release;
		};
/* End XCConfigurationList section */
	};
	rootObject = 7B35D8F829D29169005F8ED8 /* Project object */;
}
